
Microsoft Visual Studio Solution File, Format Version 12.00
# Visual Studio Version 17
VisualStudioVersion = 17.14.36327.8 d17.14
MinimumVisualStudioVersion = 10.0.40219.1
Project("{FAE04EC0-301F-11D3-BF4B-00C04F79EFBC}") = "Alquiler_Vehiculos", "Alquiler_Vehiculos.csproj", "{0BABAB91-ACDB-4211-9A1B-F54D7151D288}"
EndProject
Global
	GlobalSection(SolutionConfigurationPlatforms) = preSolution
		Debug|Any CPU = Debug|Any CPU
		Release|Any CPU = Release|Any CPU
	EndGlobalSection
	GlobalSection(ProjectConfigurationPlatforms) = postSolution
		{0BABAB91-ACDB-4211-9A1B-F54D7151D288}.Debug|Any CPU.ActiveCfg = Debug|Any CPU
		{0BABAB91-ACDB-4211-9A1B-F54D7151D288}.Debug|Any CPU.Build.0 = Debug|Any CPU
		{0BABAB91-ACDB-4211-9A1B-F54D7151D288}.Release|Any CPU.ActiveCfg = Release|Any CPU
		{0BABAB91-ACDB-4211-9A1B-F54D7151D288}.Release|Any CPU.Build.0 = Release|Any CPU
	EndGlobalSection
	GlobalSection(SolutionProperties) = preSolution
		HideSolutionNode = FALSE
	EndGlobalSection
	GlobalSection(ExtensibilityGlobals) = postSolution
		SolutionGuid = {0EA77C48-A478-4AB1-88FA-B6D7D72F82B7}
	EndGlobalSection
EndGlobal
